
Microsoft Visual Studio Solution File, Format Version 12.00
# Visual Studio Version 16
VisualStudioVersion = 16.0.30002.166
MinimumVisualStudioVersion = 10.0.40219.1
Project("{9A19103F-16F7-4668-BE54-9A1E7A4F7556}") = "uPromis.Services", "upromis.Services\uPromis.Services.csproj", "{11636F54-CB48-4CA3-B693-1252C4234A87}"
EndProject
Project("{9A19103F-16F7-4668-BE54-9A1E7A4F7556}") = "uPromis.Microservice.BusinessLogging", "upromis.Microservice.BusinessLogging\uPromis.Microservice.BusinessLogging.csproj", "{4E8F624C-5AC7-4410-9880-EE41E2DADF74}"
EndProject
Project("{9A19103F-16F7-4668-BE54-9A1E7A4F7556}") = "uPromis.Microservice.Identityserver", "uPromis.Microservice.Identityserver\uPromis.Microservice.Identityserver.csproj", "{07C2CF15-B5B1-4815-9FBC-346E3C595F1F}"
EndProject
Project("{9A19103F-16F7-4668-BE54-9A1E7A4F7556}") = "uPromis.Microservice.ContractAPI", "uPromis.Microservice.ContractAPI\uPromis.Microservice.ContractAPI.csproj", "{3E67C0A7-8F9A-41C2-A2C9-FF13673FC11B}"
EndProject
Project("{9A19103F-16F7-4668-BE54-9A1E7A4F7556}") = "uPromis.APIUtils", "uPromis.APIUtils\uPromis.APIUtils.csproj", "{126B64FE-32D1-4C23-AD11-BD7C618CC384}"
EndProject
Project("{9A19103F-16F7-4668-BE54-9A1E7A4F7556}") = "uPromis.Microservice.AttachmentAPI", "uPromis.Microservice.AttachmentAPI\uPromis.Microservice.AttachmentAPI.csproj", "{2B9D775C-3558-450B-AA3E-5E879CC95A14}"
EndProject
Global
	GlobalSection(SolutionConfigurationPlatforms) = preSolution
		Debug|Any CPU = Debug|Any CPU
		Release|Any CPU = Release|Any CPU
	EndGlobalSection
	GlobalSection(ProjectConfigurationPlatforms) = postSolution
		{11636F54-CB48-4CA3-B693-1252C4234A87}.Debug|Any CPU.ActiveCfg = Debug|Any CPU
		{11636F54-CB48-4CA3-B693-1252C4234A87}.Debug|Any CPU.Build.0 = Debug|Any CPU
		{11636F54-CB48-4CA3-B693-1252C4234A87}.Release|Any CPU.ActiveCfg = Release|Any CPU
		{11636F54-CB48-4CA3-B693-1252C4234A87}.Release|Any CPU.Build.0 = Release|Any CPU
		{4E8F624C-5AC7-4410-9880-EE41E2DADF74}.Debug|Any CPU.ActiveCfg = Debug|Any CPU
		{4E8F624C-5AC7-4410-9880-EE41E2DADF74}.Debug|Any CPU.Build.0 = Debug|Any CPU
		{4E8F624C-5AC7-4410-9880-EE41E2DADF74}.Release|Any CPU.ActiveCfg = Release|Any CPU
		{4E8F624C-5AC7-4410-9880-EE41E2DADF74}.Release|Any CPU.Build.0 = Release|Any CPU
		{07C2CF15-B5B1-4815-9FBC-346E3C595F1F}.Debug|Any CPU.ActiveCfg = Debug|Any CPU
		{07C2CF15-B5B1-4815-9FBC-346E3C595F1F}.Debug|Any CPU.Build.0 = Debug|Any CPU
		{07C2CF15-B5B1-4815-9FBC-346E3C595F1F}.Release|Any CPU.ActiveCfg = Release|Any CPU
		{07C2CF15-B5B1-4815-9FBC-346E3C595F1F}.Release|Any CPU.Build.0 = Release|Any CPU
		{3E67C0A7-8F9A-41C2-A2C9-FF13673FC11B}.Debug|Any CPU.ActiveCfg = Debug|Any CPU
		{3E67C0A7-8F9A-41C2-A2C9-FF13673FC11B}.Debug|Any CPU.Build.0 = Debug|Any CPU
		{3E67C0A7-8F9A-41C2-A2C9-FF13673FC11B}.Release|Any CPU.ActiveCfg = Release|Any CPU
		{3E67C0A7-8F9A-41C2-A2C9-FF13673FC11B}.Release|Any CPU.Build.0 = Release|Any CPU
		{126B64FE-32D1-4C23-AD11-BD7C618CC384}.Debug|Any CPU.ActiveCfg = Debug|Any CPU
		{126B64FE-32D1-4C23-AD11-BD7C618CC384}.Debug|Any CPU.Build.0 = Debug|Any CPU
		{126B64FE-32D1-4C23-AD11-BD7C618CC384}.Release|Any CPU.ActiveCfg = Release|Any CPU
		{126B64FE-32D1-4C23-AD11-BD7C618CC384}.Release|Any CPU.Build.0 = Release|Any CPU
		{2B9D775C-3558-450B-AA3E-5E879CC95A14}.Debug|Any CPU.ActiveCfg = Debug|Any CPU
		{2B9D775C-3558-450B-AA3E-5E879CC95A14}.Debug|Any CPU.Build.0 = Debug|Any CPU
		{2B9D775C-3558-450B-AA3E-5E879CC95A14}.Release|Any CPU.ActiveCfg = Release|Any CPU
		{2B9D775C-3558-450B-AA3E-5E879CC95A14}.Release|Any CPU.Build.0 = Release|Any CPU
	EndGlobalSection
	GlobalSection(SolutionProperties) = preSolution
		HideSolutionNode = FALSE
	EndGlobalSection
	GlobalSection(ExtensibilityGlobals) = postSolution
		SolutionGuid = {9F2CBA2D-7A21-4B6B-92F6-A31FCF608B04}
	EndGlobalSection
EndGlobal
