
Microsoft Visual Studio Solution File, Format Version 12.00
# Visual Studio Version 16
VisualStudioVersion = 16.0.30804.86
MinimumVisualStudioVersion = 10.0.40219.1
Project("{9A19103F-16F7-4668-BE54-9A1E7A4F7556}") = "upromis.Microservice.BusinessLogging", "upromis.Microservice.BusinessLogging.csproj", "{8BE5E20E-C537-44A2-B3CA-E3BBC6E5622C}"
EndProject
Global
	GlobalSection(SolutionConfigurationPlatforms) = preSolution
		Debug|Any CPU = Debug|Any CPU
		Release|Any CPU = Release|Any CPU
	EndGlobalSection
	GlobalSection(ProjectConfigurationPlatforms) = postSolution
		{8BE5E20E-C537-44A2-B3CA-E3BBC6E5622C}.Debug|Any CPU.ActiveCfg = Debug|Any CPU
		{8BE5E20E-C537-44A2-B3CA-E3BBC6E5622C}.Debug|Any CPU.Build.0 = Debug|Any CPU
		{8BE5E20E-C537-44A2-B3CA-E3BBC6E5622C}.Release|Any CPU.ActiveCfg = Release|Any CPU
		{8BE5E20E-C537-44A2-B3CA-E3BBC6E5622C}.Release|Any CPU.Build.0 = Release|Any CPU
	EndGlobalSection
	GlobalSection(SolutionProperties) = preSolution
		HideSolutionNode = FALSE
	EndGlobalSection
	GlobalSection(ExtensibilityGlobals) = postSolution
		SolutionGuid = {1D6D43BC-06A6-441F-8502-03C83BA7E8AA}
	EndGlobalSection
EndGlobal
